{
  "name": "sandbox",
  "version": "1.0.0",
  "lockfileVersion": 2,
  "requires": true,
  "packages": {
    "": {
      "version": "1.0.0",
      "dependencies": {
        "crypto-es": "^1.2.7",
        "crypto-esm": "^0.0.5",
        "date-fns": "^2.21.1",
        "luxon": "^1.26.0",
        "moment": "^2.29.1"
      }
    },
    "node_modules/crypto-es": {
      "version": "1.2.7",
      "resolved": "https://registry.npmjs.org/crypto-es/-/crypto-es-1.2.7.tgz",
      "integrity": "sha512-UUqiVJ2gUuZFmbFsKmud3uuLcNP2+Opt+5ysmljycFCyhA0+T16XJmo1ev/t5kMChMqWh7IEvURNCqsg+SjZGQ=="
    },
    "node_modules/crypto-esm": {
      "version": "0.0.5",
      "resolved": "https://registry.npmjs.org/crypto-esm/-/crypto-esm-0.0.5.tgz",
      "integrity": "sha512-2BVS4J5WblslyR7gg8VNAXJZBEUdKqyGdqMTvmTVWvgmWx9j7iI7x4iMIW/qZzze2RatHDMD5KbV9+4DeLdTLA==",
      "dependencies": {
        "crypto-js": "^3.1.9-1"
      }
    },
    "node_modules/crypto-js": {
      "version": "3.3.0",
      "resolved": "https://registry.npmjs.org/crypto-js/-/crypto-js-3.3.0.tgz",
      "integrity": "sha512-DIT51nX0dCfKltpRiXV+/TVZq+Qq2NgF4644+K7Ttnla7zEzqc+kjJyiB96BHNyUTBxyjzRcZYpUdZa+QAqi6Q=="
    },
    "node_modules/date-fns": {
      "version": "2.21.1",
      "resolved": "https://registry.npmjs.org/date-fns/-/date-fns-2.21.1.tgz",
      "integrity": "sha512-m1WR0xGiC6j6jNFAyW4Nvh4WxAi4JF4w9jRJwSI8nBmNcyZXPcP9VUQG+6gHQXAmqaGEKDKhOqAtENDC941UkA==",
      "engines": {
        "node": ">=0.11"
      },
      "funding": {
        "type": "opencollective",
        "url": "https://opencollective.com/date-fns"
      }
    },
    "node_modules/luxon": {
      "version": "1.26.0",
      "resolved": "https://registry.npmjs.org/luxon/-/luxon-1.26.0.tgz",
      "integrity": "sha512-+V5QIQ5f6CDXQpWNICELwjwuHdqeJM1UenlZWx5ujcRMc9venvluCjFb4t5NYLhb6IhkbMVOxzVuOqkgMxee2A==",
      "engines": {
        "node": "*"
      }
    },
    "node_modules/moment": {
      "version": "2.29.1",
      "resolved": "https://registry.npmjs.org/moment/-/moment-2.29.1.tgz",
      "integrity": "sha512-kHmoybcPV8Sqy59DwNDY3Jefr64lK/by/da0ViFcuA4DH0vQg5Q6Ze5VimxkfQNSC+Mls/Kx53s7TjP1RhFEDQ==",
      "engines": {
        "node": "*"
      }
    }
  },
  "dependencies": {
    "crypto-es": {
      "version": "1.2.7",
      "resolved": "https://registry.npmjs.org/crypto-es/-/crypto-es-1.2.7.tgz",
      "integrity": "sha512-UUqiVJ2gUuZFmbFsKmud3uuLcNP2+Opt+5ysmljycFCyhA0+T16XJmo1ev/t5kMChMqWh7IEvURNCqsg+SjZGQ=="
    },
    "crypto-esm": {
      "version": "0.0.5",
      "resolved": "https://registry.npmjs.org/crypto-esm/-/crypto-esm-0.0.5.tgz",
      "integrity": "sha512-2BVS4J5WblslyR7gg8VNAXJZBEUdKqyGdqMTvmTVWvgmWx9j7iI7x4iMIW/qZzze2RatHDMD5KbV9+4DeLdTLA==",
      "requires": {
        "crypto-js": "^3.1.9-1"
      }
    },
    "crypto-js": {
      "version": "3.3.0",
      "resolved": "https://registry.npmjs.org/crypto-js/-/crypto-js-3.3.0.tgz",
      "integrity": "sha512-DIT51nX0dCfKltpRiXV+/TVZq+Qq2NgF4644+K7Ttnla7zEzqc+kjJyiB96BHNyUTBxyjzRcZYpUdZa+QAqi6Q=="
    },
    "date-fns": {
      "version": "2.21.1",
      "resolved": "https://registry.npmjs.org/date-fns/-/date-fns-2.21.1.tgz",
      "integrity": "sha512-m1WR0xGiC6j6jNFAyW4Nvh4WxAi4JF4w9jRJwSI8nBmNcyZXPcP9VUQG+6gHQXAmqaGEKDKhOqAtENDC941UkA=="
    },
    "luxon": {
      "version": "1.26.0",
      "resolved": "https://registry.npmjs.org/luxon/-/luxon-1.26.0.tgz",
      "integrity": "sha512-+V5QIQ5f6CDXQpWNICELwjwuHdqeJM1UenlZWx5ujcRMc9venvluCjFb4t5NYLhb6IhkbMVOxzVuOqkgMxee2A=="
    },
    "moment": {
      "version": "2.29.1",
      "resolved": "https://registry.npmjs.org/moment/-/moment-2.29.1.tgz",
      "integrity": "sha512-kHmoybcPV8Sqy59DwNDY3Jefr64lK/by/da0ViFcuA4DH0vQg5Q6Ze5VimxkfQNSC+Mls/Kx53s7TjP1RhFEDQ=="
    }
  }
}
